
Microsoft Visual Studio Solution File, Format Version 11.00
# Visual Studio 2010
Project("{F2A71F9B-5D33-465A-A702-920D77279786}") = "FSharpLex", "FSharpLex\fsharplex.fsproj", "{F9F750FB-2817-4559-BD0A-BE5402102D37}"
EndProject
Project("{2150E333-8FDC-42A3-9474-1A3956D46DE8}") = ".nuget", ".nuget", "{E0ED8004-9C63-4BA4-987C-EE634B39B881}"
	ProjectSection(SolutionItems) = preProject
		.nuget\NuGet.Config = .nuget\NuGet.Config
		.nuget\NuGet.exe = .nuget\NuGet.exe
		.nuget\NuGet.targets = .nuget\NuGet.targets
	EndProjectSection
EndProject
Project("{2150E333-8FDC-42A3-9474-1A3956D46DE8}") = "Tests", "Tests", "{43BEF91B-F138-4D87-8A38-5A448AC57A49}"
EndProject
Project("{F2A71F9B-5D33-465A-A702-920D77279786}") = "FSharpLex.Tests", "FSharpLex.Tests\FSharpLex.Tests.fsproj", "{F7E7C726-A9E3-4DCE-BEF7-6694310E4B21}"
EndProject
Project("{F2A71F9B-5D33-465A-A702-920D77279786}") = "FSharpYacc", "FSharpYacc\FSharpYacc.fsproj", "{1A562247-7B57-45DF-9BAB-CDFA6202A6B4}"
EndProject
Project("{F2A71F9B-5D33-465A-A702-920D77279786}") = "FSharpYacc.Tests", "FSharpYacc.Tests\FSharpYacc.Tests.fsproj", "{64594E06-1750-4472-BBB0-299C4D39CD10}"
EndProject
Project("{2150E333-8FDC-42A3-9474-1A3956D46DE8}") = "Common", "Common", "{0F12E0D6-7576-4C95-BE56-5C48BA792032}"
	ProjectSection(SolutionItems) = preProject
		Common\CommonAssemblyInfo.fs = Common\CommonAssemblyInfo.fs
	EndProjectSection
EndProject
Project("{F2A71F9B-5D33-465A-A702-920D77279786}") = "Graham", "Graham\Graham.fsproj", "{AB802CFD-4EA9-4F11-ADE3-F2F5518BFD52}"
EndProject
Project("{F2A71F9B-5D33-465A-A702-920D77279786}") = "Graham.Tests", "Graham.Tests\Graham.Tests.fsproj", "{ABFDC4C4-6148-4E28-802C-98445FCD668B}"
EndProject
Project("{F2A71F9B-5D33-465A-A702-920D77279786}") = "BackendUtils", "BackendUtils\BackendUtils.fsproj", "{4841364D-CB0B-45CC-AC84-F8E3B86A1C11}"
EndProject
Global
	GlobalSection(SolutionConfigurationPlatforms) = preSolution
		Debug|Any CPU = Debug|Any CPU
		Release|Any CPU = Release|Any CPU
		Testing|Any CPU = Testing|Any CPU
	EndGlobalSection
	GlobalSection(ProjectConfigurationPlatforms) = postSolution
		{F9F750FB-2817-4559-BD0A-BE5402102D37}.Debug|Any CPU.ActiveCfg = Debug|Any CPU
		{F9F750FB-2817-4559-BD0A-BE5402102D37}.Debug|Any CPU.Build.0 = Debug|Any CPU
		{F9F750FB-2817-4559-BD0A-BE5402102D37}.Release|Any CPU.ActiveCfg = Release|Any CPU
		{F9F750FB-2817-4559-BD0A-BE5402102D37}.Release|Any CPU.Build.0 = Release|Any CPU
		{F9F750FB-2817-4559-BD0A-BE5402102D37}.Testing|Any CPU.ActiveCfg = Debug|Any CPU
		{F9F750FB-2817-4559-BD0A-BE5402102D37}.Testing|Any CPU.Build.0 = Debug|Any CPU
		{F7E7C726-A9E3-4DCE-BEF7-6694310E4B21}.Debug|Any CPU.ActiveCfg = Debug|Any CPU
		{F7E7C726-A9E3-4DCE-BEF7-6694310E4B21}.Release|Any CPU.ActiveCfg = Release|Any CPU
		{F7E7C726-A9E3-4DCE-BEF7-6694310E4B21}.Testing|Any CPU.ActiveCfg = Debug|Any CPU
		{F7E7C726-A9E3-4DCE-BEF7-6694310E4B21}.Testing|Any CPU.Build.0 = Debug|Any CPU
		{1A562247-7B57-45DF-9BAB-CDFA6202A6B4}.Debug|Any CPU.ActiveCfg = Debug|Any CPU
		{1A562247-7B57-45DF-9BAB-CDFA6202A6B4}.Debug|Any CPU.Build.0 = Debug|Any CPU
		{1A562247-7B57-45DF-9BAB-CDFA6202A6B4}.Release|Any CPU.ActiveCfg = Release|Any CPU
		{1A562247-7B57-45DF-9BAB-CDFA6202A6B4}.Release|Any CPU.Build.0 = Release|Any CPU
		{1A562247-7B57-45DF-9BAB-CDFA6202A6B4}.Testing|Any CPU.ActiveCfg = Debug|Any CPU
		{1A562247-7B57-45DF-9BAB-CDFA6202A6B4}.Testing|Any CPU.Build.0 = Debug|Any CPU
		{64594E06-1750-4472-BBB0-299C4D39CD10}.Debug|Any CPU.ActiveCfg = Debug|Any CPU
		{64594E06-1750-4472-BBB0-299C4D39CD10}.Release|Any CPU.ActiveCfg = Release|Any CPU
		{64594E06-1750-4472-BBB0-299C4D39CD10}.Testing|Any CPU.ActiveCfg = Debug|Any CPU
		{64594E06-1750-4472-BBB0-299C4D39CD10}.Testing|Any CPU.Build.0 = Debug|Any CPU
		{AB802CFD-4EA9-4F11-ADE3-F2F5518BFD52}.Debug|Any CPU.ActiveCfg = Debug|Any CPU
		{AB802CFD-4EA9-4F11-ADE3-F2F5518BFD52}.Debug|Any CPU.Build.0 = Debug|Any CPU
		{AB802CFD-4EA9-4F11-ADE3-F2F5518BFD52}.Release|Any CPU.ActiveCfg = Release|Any CPU
		{AB802CFD-4EA9-4F11-ADE3-F2F5518BFD52}.Release|Any CPU.Build.0 = Release|Any CPU
		{AB802CFD-4EA9-4F11-ADE3-F2F5518BFD52}.Testing|Any CPU.ActiveCfg = Debug|Any CPU
		{AB802CFD-4EA9-4F11-ADE3-F2F5518BFD52}.Testing|Any CPU.Build.0 = Debug|Any CPU
		{ABFDC4C4-6148-4E28-802C-98445FCD668B}.Debug|Any CPU.ActiveCfg = Debug|Any CPU
		{ABFDC4C4-6148-4E28-802C-98445FCD668B}.Release|Any CPU.ActiveCfg = Release|Any CPU
		{ABFDC4C4-6148-4E28-802C-98445FCD668B}.Testing|Any CPU.ActiveCfg = Debug|Any CPU
		{ABFDC4C4-6148-4E28-802C-98445FCD668B}.Testing|Any CPU.Build.0 = Debug|Any CPU
		{4841364D-CB0B-45CC-AC84-F8E3B86A1C11}.Debug|Any CPU.ActiveCfg = Debug|Any CPU
		{4841364D-CB0B-45CC-AC84-F8E3B86A1C11}.Debug|Any CPU.Build.0 = Debug|Any CPU
		{4841364D-CB0B-45CC-AC84-F8E3B86A1C11}.Release|Any CPU.ActiveCfg = Release|Any CPU
		{4841364D-CB0B-45CC-AC84-F8E3B86A1C11}.Release|Any CPU.Build.0 = Release|Any CPU
		{4841364D-CB0B-45CC-AC84-F8E3B86A1C11}.Testing|Any CPU.ActiveCfg = Release|Any CPU
		{4841364D-CB0B-45CC-AC84-F8E3B86A1C11}.Testing|Any CPU.Build.0 = Release|Any CPU
	EndGlobalSection
	GlobalSection(SolutionProperties) = preSolution
		HideSolutionNode = FALSE
	EndGlobalSection
	GlobalSection(NestedProjects) = preSolution
		{F7E7C726-A9E3-4DCE-BEF7-6694310E4B21} = {43BEF91B-F138-4D87-8A38-5A448AC57A49}
		{64594E06-1750-4472-BBB0-299C4D39CD10} = {43BEF91B-F138-4D87-8A38-5A448AC57A49}
		{ABFDC4C4-6148-4E28-802C-98445FCD668B} = {43BEF91B-F138-4D87-8A38-5A448AC57A49}
	EndGlobalSection
EndGlobal
